// !$*UTF8*$!
{
	archiveVersion = 1;
	classes = {
	};
	objectVersion = 56;
	objects = {

/* Begin PBXBuildFile section */
		9A5FA37C025A22272F5506B3 /* Pods_foursquare.framework in Frameworks */ = {isa = PBXBuildFile; fileRef = BBDA588F8CF0B334E070929F /* Pods_foursquare.framework */; };
		E1415F14299E5E2100EB9683 /* AppDelegate.swift in Sources */ = {isa = PBXBuildFile; fileRef = E1415F13299E5E2100EB9683 /* AppDelegate.swift */; };
		E1415F16299E5E2100EB9683 /* SceneDelegate.swift in Sources */ = {isa = PBXBuildFile; fileRef = E1415F15299E5E2100EB9683 /* SceneDelegate.swift */; };
		E1415F18299E5E2100EB9683 /* SignupViewController.swift in Sources */ = {isa = PBXBuildFile; fileRef = E1415F17299E5E2100EB9683 /* SignupViewController.swift */; };
		E1415F1B299E5E2100EB9683 /* Main.storyboard in Resources */ = {isa = PBXBuildFile; fileRef = E1415F19299E5E2100EB9683 /* Main.storyboard */; };
		E1415F1D299E5E2300EB9683 /* Assets.xcassets in Resources */ = {isa = PBXBuildFile; fileRef = E1415F1C299E5E2300EB9683 /* Assets.xcassets */; };
		E1415F20299E5E2300EB9683 /* LaunchScreen.storyboard in Resources */ = {isa = PBXBuildFile; fileRef = E1415F1E299E5E2300EB9683 /* LaunchScreen.storyboard */; };
		E1B357E9299FE5D500753154 /* PlacesViewController.swift in Sources */ = {isa = PBXBuildFile; fileRef = E1B357E8299FE5D400753154 /* PlacesViewController.swift */; };
/* End PBXBuildFile section */

/* Begin PBXFileReference section */
		96DB7B1CE122B93AA0C5AE9D /* Pods-foursquare.debug.xcconfig */ = {isa = PBXFileReference; includeInIndex = 1; lastKnownFileType = text.xcconfig; name = "Pods-foursquare.debug.xcconfig"; path = "Target Support Files/Pods-foursquare/Pods-foursquare.debug.xcconfig"; sourceTree = "<group>"; };
		BBDA588F8CF0B334E070929F /* Pods_foursquare.framework */ = {isa = PBXFileReference; explicitFileType = wrapper.framework; includeInIndex = 0; path = Pods_foursquare.framework; sourceTree = BUILT_PRODUCTS_DIR; };
		E1415F10299E5E2100EB9683 /* foursquare.app */ = {isa = PBXFileReference; explicitFileType = wrapper.application; includeInIndex = 0; path = foursquare.app; sourceTree = BUILT_PRODUCTS_DIR; };
		E1415F13299E5E2100EB9683 /* AppDelegate.swift */ = {isa = PBXFileReference; lastKnownFileType = sourcecode.swift; path = AppDelegate.swift; sourceTree = "<group>"; };
		E1415F15299E5E2100EB9683 /* SceneDelegate.swift */ = {isa = PBXFileReference; lastKnownFileType = sourcecode.swift; path = SceneDelegate.swift; sourceTree = "<group>"; };
		E1415F17299E5E2100EB9683 /* SignupViewController.swift */ = {isa = PBXFileReference; lastKnownFileType = sourcecode.swift; path = SignupViewController.swift; sourceTree = "<group>"; };
		E1415F1A299E5E2100EB9683 /* Base */ = {isa = PBXFileReference; lastKnownFileType = file.storyboard; name = Base; path = Base.lproj/Main.storyboard; sourceTree = "<group>"; };
		E1415F1C299E5E2300EB9683 /* Assets.xcassets */ = {isa = PBXFileReference; lastKnownFileType = folder.assetcatalog; path = Assets.xcassets; sourceTree = "<group>"; };
		E1415F1F299E5E2300EB9683 /* Base */ = {isa = PBXFileReference; lastKnownFileType = file.storyboard; name = Base; path = Base.lproj/LaunchScreen.storyboard; sourceTree = "<group>"; };
		E1415F21299E5E2300EB9683 /* Info.plist */ = {isa = PBXFileReference; lastKnownFileType = text.plist.xml; path = Info.plist; sourceTree = "<group>"; };
		E1B357E8299FE5D400753154 /* PlacesViewController.swift */ = {isa = PBXFileReference; lastKnownFileType = sourcecode.swift; path = PlacesViewController.swift; sourceTree = "<group>"; };
		E28EB14D1642728683AE0E09 /* Pods-foursquare.release.xcconfig */ = {isa = PBXFileReference; includeInIndex = 1; lastKnownFileType = text.xcconfig; name = "Pods-foursquare.release.xcconfig"; path = "Target Support Files/Pods-foursquare/Pods-foursquare.release.xcconfig"; sourceTree = "<group>"; };
/* End PBXFileReference section */

/* Begin PBXFrameworksBuildPhase section */
		E1415F0D299E5E2100EB9683 /* Frameworks */ = {
			isa = PBXFrameworksBuildPhase;
			buildActionMask = 2147483647;
			files = (
				9A5FA37C025A22272F5506B3 /* Pods_foursquare.framework in Frameworks */,
			);
			runOnlyForDeploymentPostprocessing = 0;
		};
/* End PBXFrameworksBuildPhase section */

/* Begin PBXGroup section */
		74236C776FFCA37E04ED52DB /* Pods */ = {
			isa = PBXGroup;
			children = (
				96DB7B1CE122B93AA0C5AE9D /* Pods-foursquare.debug.xcconfig */,
				E28EB14D1642728683AE0E09 /* Pods-foursquare.release.xcconfig */,
			);
			path = Pods;
			sourceTree = "<group>";
		};
		A47753AA18706482F440EDD5 /* Frameworks */ = {
			isa = PBXGroup;
			children = (
				BBDA588F8CF0B334E070929F /* Pods_foursquare.framework */,
			);
			name = Frameworks;
			sourceTree = "<group>";
		};
		E1415F07299E5E2100EB9683 = {
			isa = PBXGroup;
			children = (
				E1415F12299E5E2100EB9683 /* foursquare */,
				E1415F11299E5E2100EB9683 /* Products */,
				74236C776FFCA37E04ED52DB /* Pods */,
				A47753AA18706482F440EDD5 /* Frameworks */,
			);
			sourceTree = "<group>";
		};
		E1415F11299E5E2100EB9683 /* Products */ = {
			isa = PBXGroup;
			children = (
				E1415F10299E5E2100EB9683 /* foursquare.app */,
			);
			name = Products;
			sourceTree = "<group>";
		};
		E1415F12299E5E2100EB9683 /* foursquare */ = {
			isa = PBXGroup;
			children = (
				E1415F13299E5E2100EB9683 /* AppDelegate.swift */,
				E1415F15299E5E2100EB9683 /* SceneDelegate.swift */,
				E1415F17299E5E2100EB9683 /* SignupViewController.swift */,
				E1B357E8299FE5D400753154 /* PlacesViewController.swift */,
				E1415F19299E5E2100EB9683 /* Main.storyboard */,
				E1415F1C299E5E2300EB9683 /* Assets.xcassets */,
				E1415F1E299E5E2300EB9683 /* LaunchScreen.storyboard */,
				E1415F21299E5E2300EB9683 /* Info.plist */,
			);
			path = foursquare;
			sourceTree = "<group>";
		};
/* End PBXGroup section */

/* Begin PBXNativeTarget section */
		E1415F0F299E5E2100EB9683 /* foursquare */ = {
			isa = PBXNativeTarget;
			buildConfigurationList = E1415F24299E5E2300EB9683 /* Build configuration list for PBXNativeTarget "foursquare" */;
			buildPhases = (
				C0E558BA527F25A5709D6EA4 /* [CP] Check Pods Manifest.lock */,
				E1415F0C299E5E2100EB9683 /* Sources */,
				E1415F0D299E5E2100EB9683 /* Frameworks */,
				E1415F0E299E5E2100EB9683 /* Resources */,
				39975E7F5C89E12D7E7B0047 /* [CP] Embed Pods Frameworks */,
			);
			buildRules = (
			);
			dependencies = (
			);
			name = foursquare;
			productName = foursquare;
			productReference = E1415F10299E5E2100EB9683 /* foursquare.app */;
			productType = "com.apple.product-type.application";
		};
/* End PBXNativeTarget section */

/* Begin PBXProject section */
		E1415F08299E5E2100EB9683 /* Project object */ = {
			isa = PBXProject;
			attributes = {
				BuildIndependentTargetsInParallel = 1;
				LastSwiftUpdateCheck = 1400;
				LastUpgradeCheck = 1400;
				TargetAttributes = {
					E1415F0F299E5E2100EB9683 = {
						CreatedOnToolsVersion = 14.0;
					};
				};
			};
			buildConfigurationList = E1415F0B299E5E2100EB9683 /* Build configuration list for PBXProject "foursquare" */;
			compatibilityVersion = "Xcode 14.0";
			developmentRegion = en;
			hasScannedForEncodings = 0;
			knownRegions = (
				en,
				Base,
			);
			mainGroup = E1415F07299E5E2100EB9683;
			productRefGroup = E1415F11299E5E2100EB9683 /* Products */;
			projectDirPath = "";
			projectRoot = "";
			targets = (
				E1415F0F299E5E2100EB9683 /* foursquare */,
			);
		};
/* End PBXProject section */

/* Begin PBXResourcesBuildPhase section */
		E1415F0E299E5E2100EB9683 /* Resources */ = {
			isa = PBXResourcesBuildPhase;
			buildActionMask = 2147483647;
			files = (
				E1415F20299E5E2300EB9683 /* LaunchScreen.storyboard in Resources */,
				E1415F1D299E5E2300EB9683 /* Assets.xcassets in Resources */,
				E1415F1B299E5E2100EB9683 /* Main.storyboard in Resources */,
			);
			runOnlyForDeploymentPostprocessing = 0;
		};
/* End PBXResourcesBuildPhase section */

/* Begin PBXShellScriptBuildPhase section */
		39975E7F5C89E12D7E7B0047 /* [CP] Embed Pods Frameworks */ = {
			isa = PBXShellScriptBuildPhase;
			buildActionMask = 2147483647;
			files = (
			);
			inputFileListPaths = (
				"${PODS_ROOT}/Target Support Files/Pods-foursquare/Pods-foursquare-frameworks-${CONFIGURATION}-input-files.xcfilelist",
			);
			name = "[CP] Embed Pods Frameworks";
			outputFileListPaths = (
				"${PODS_ROOT}/Target Support Files/Pods-foursquare/Pods-foursquare-frameworks-${CONFIGURATION}-output-files.xcfilelist",
			);
			runOnlyForDeploymentPostprocessing = 0;
			shellPath = /bin/sh;
			shellScript = "\"${PODS_ROOT}/Target Support Files/Pods-foursquare/Pods-foursquare-frameworks.sh\"\n";
			showEnvVarsInLog = 0;
		};
		C0E558BA527F25A5709D6EA4 /* [CP] Check Pods Manifest.lock */ = {
			isa = PBXShellScriptBuildPhase;
			buildActionMask = 2147483647;
			files = (
			);
			inputFileListPaths = (
			);
			inputPaths = (
				"${PODS_PODFILE_DIR_PATH}/Podfile.lock",
				"${PODS_ROOT}/Manifest.lock",
			);
			name = "[CP] Check Pods Manifest.lock";
			outputFileListPaths = (
			);
			outputPaths = (
				"$(DERIVED_FILE_DIR)/Pods-foursquare-checkManifestLockResult.txt",
			);
			runOnlyForDeploymentPostprocessing = 0;
			shellPath = /bin/sh;
			shellScript = "diff \"${PODS_PODFILE_DIR_PATH}/Podfile.lock\" \"${PODS_ROOT}/Manifest.lock\" > /dev/null\nif [ $? != 0 ] ; then\n    # print error to STDERR\n    echo \"error: The sandbox is not in sync with the Podfile.lock. Run 'pod install' or update your CocoaPods installation.\" >&2\n    exit 1\nfi\n# This output is used by Xcode 'outputs' to avoid re-running this script phase.\necho \"SUCCESS\" > \"${SCRIPT_OUTPUT_FILE_0}\"\n";
			showEnvVarsInLog = 0;
		};
/* End PBXShellScriptBuildPhase section */

/* Begin PBXSourcesBuildPhase section */
		E1415F0C299E5E2100EB9683 /* Sources */ = {
			isa = PBXSourcesBuildPhase;
			buildActionMask = 2147483647;
			files = (
				E1B357E9299FE5D500753154 /* PlacesViewController.swift in Sources */,
				E1415F18299E5E2100EB9683 /* SignupViewController.swift in Sources */,
				E1415F14299E5E2100EB9683 /* AppDelegate.swift in Sources */,
				E1415F16299E5E2100EB9683 /* SceneDelegate.swift in Sources */,
			);
			runOnlyForDeploymentPostprocessing = 0;
		};
/* End PBXSourcesBuildPhase section */

/* Begin PBXVariantGroup section */
		E1415F19299E5E2100EB9683 /* Main.storyboard */ = {
			isa = PBXVariantGroup;
			children = (
				E1415F1A299E5E2100EB9683 /* Base */,
			);
			name = Main.storyboard;
			sourceTree = "<group>";
		};
		E1415F1E299E5E2300EB9683 /* LaunchScreen.storyboard */ = {
			isa = PBXVariantGroup;
			children = (
				E1415F1F299E5E2300EB9683 /* Base */,
			);
			name = LaunchScreen.storyboard;
			sourceTree = "<group>";
		};
/* End PBXVariantGroup section */

/* Begin XCBuildConfiguration section */
		E1415F22299E5E2300EB9683 /* Debug */ = {
			isa = XCBuildConfiguration;
			buildSettings = {
				ALWAYS_SEARCH_USER_PATHS = NO;
				CLANG_ANALYZER_NONNULL = YES;
				CLANG_ANALYZER_NUMBER_OBJECT_CONVERSION = YES_AGGRESSIVE;
				CLANG_CXX_LANGUAGE_STANDARD = "gnu++20";
				CLANG_ENABLE_MODULES = YES;
				CLANG_ENABLE_OBJC_ARC = YES;
				CLANG_ENABLE_OBJC_WEAK = YES;
				CLANG_WARN_BLOCK_CAPTURE_AUTORELEASING = YES;
				CLANG_WARN_BOOL_CONVERSION = YES;
				CLANG_WARN_COMMA = YES;
				CLANG_WARN_CONSTANT_CONVERSION = YES;
				CLANG_WARN_DEPRECATED_OBJC_IMPLEMENTATIONS = YES;
				CLANG_WARN_DIRECT_OBJC_ISA_USAGE = YES_ERROR;
				CLANG_WARN_DOCUMENTATION_COMMENTS = YES;
				CLANG_WARN_EMPTY_BODY = YES;
				CLANG_WARN_ENUM_CONVERSION = YES;
				CLANG_WARN_INFINITE_RECURSION = YES;
				CLANG_WARN_INT_CONVERSION = YES;
				CLANG_WARN_NON_LITERAL_NULL_CONVERSION = YES;
				CLANG_WARN_OBJC_IMPLICIT_RETAIN_SELF = YES;
				CLANG_WARN_OBJC_LITERAL_CONVERSION = YES;
				CLANG_WARN_OBJC_ROOT_CLASS = YES_ERROR;
				CLANG_WARN_QUOTED_INCLUDE_IN_FRAMEWORK_HEADER = YES;
				CLANG_WARN_RANGE_LOOP_ANALYSIS = YES;
				CLANG_WARN_STRICT_PROTOTYPES = YES;
				CLANG_WARN_SUSPICIOUS_MOVE = YES;
				CLANG_WARN_UNGUARDED_AVAILABILITY = YES_AGGRESSIVE;
				CLANG_WARN_UNREACHABLE_CODE = YES;
				CLANG_WARN__DUPLICATE_METHOD_MATCH = YES;
				COPY_PHASE_STRIP = NO;
				DEBUG_INFORMATION_FORMAT = dwarf;
				ENABLE_STRICT_OBJC_MSGSEND = YES;
				ENABLE_TESTABILITY = YES;
				GCC_C_LANGUAGE_STANDARD = gnu11;
				GCC_DYNAMIC_NO_PIC = NO;
				GCC_NO_COMMON_BLOCKS = YES;
				GCC_OPTIMIZATION_LEVEL = 0;
				GCC_PREPROCESSOR_DEFINITIONS = (
					"DEBUG=1",
					"$(inherited)",
				);
				GCC_WARN_64_TO_32_BIT_CONVERSION = YES;
				GCC_WARN_ABOUT_RETURN_TYPE = YES_ERROR;
				GCC_WARN_UNDECLARED_SELECTOR = YES;
				GCC_WARN_UNINITIALIZED_AUTOS = YES_AGGRESSIVE;
				GCC_WARN_UNUSED_FUNCTION = YES;
				GCC_WARN_UNUSED_VARIABLE = YES;
				IPHONEOS_DEPLOYMENT_TARGET = 16.0;
				MTL_ENABLE_DEBUG_INFO = INCLUDE_SOURCE;
				MTL_FAST_MATH = YES;
				ONLY_ACTIVE_ARCH = YES;
				SDKROOT = iphoneos;
				SWIFT_ACTIVE_COMPILATION_CONDITIONS = DEBUG;
				SWIFT_OPTIMIZATION_LEVEL = "-Onone";
			};
			name = Debug;
		};
		E1415F23299E5E2300EB9683 /* Release */ = {
			isa = XCBuildConfiguration;
			buildSettings = {
				ALWAYS_SEARCH_USER_PATHS = NO;
				CLANG_ANALYZER_NONNULL = YES;
				CLANG_ANALYZER_NUMBER_OBJECT_CONVERSION = YES_AGGRESSIVE;
				CLANG_CXX_LANGUAGE_STANDARD = "gnu++20";
				CLANG_ENABLE_MODULES = YES;
				CLANG_ENABLE_OBJC_ARC = YES;
				CLANG_ENABLE_OBJC_WEAK = YES;
				CLANG_WARN_BLOCK_CAPTURE_AUTORELEASING = YES;
				CLANG_WARN_BOOL_CONVERSION = YES;
				CLANG_WARN_COMMA = YES;
				CLANG_WARN_CONSTANT_CONVERSION = YES;
				CLANG_WARN_DEPRECATED_OBJC_IMPLEMENTATIONS = YES;
				CLANG_WARN_DIRECT_OBJC_ISA_USAGE = YES_ERROR;
				CLANG_WARN_DOCUMENTATION_COMMENTS = YES;
				CLANG_WARN_EMPTY_BODY = YES;
				CLANG_WARN_ENUM_CONVERSION = YES;
				CLANG_WARN_INFINITE_RECURSION = YES;
				CLANG_WARN_INT_CONVERSION = YES;
				CLANG_WARN_NON_LITERAL_NULL_CONVERSION = YES;
				CLANG_WARN_OBJC_IMPLICIT_RETAIN_SELF = YES;
				CLANG_WARN_OBJC_LITERAL_CONVERSION = YES;
				CLANG_WARN_OBJC_ROOT_CLASS = YES_ERROR;
				CLANG_WARN_QUOTED_INCLUDE_IN_FRAMEWORK_HEADER = YES;
				CLANG_WARN_RANGE_LOOP_ANALYSIS = YES;
				CLANG_WARN_STRICT_PROTOTYPES = YES;
				CLANG_WARN_SUSPICIOUS_MOVE = YES;
				CLANG_WARN_UNGUARDED_AVAILABILITY = YES_AGGRESSIVE;
				CLANG_WARN_UNREACHABLE_CODE = YES;
				CLANG_WARN__DUPLICATE_METHOD_MATCH = YES;
				COPY_PHASE_STRIP = NO;
				DEBUG_INFORMATION_FORMAT = "dwarf-with-dsym";
				ENABLE_NS_ASSERTIONS = NO;
				ENABLE_STRICT_OBJC_MSGSEND = YES;
				GCC_C_LANGUAGE_STANDARD = gnu11;
				GCC_NO_COMMON_BLOCKS = YES;
				GCC_WARN_64_TO_32_BIT_CONVERSION = YES;
				GCC_WARN_ABOUT_RETURN_TYPE = YES_ERROR;
				GCC_WARN_UNDECLARED_SELECTOR = YES;
				GCC_WARN_UNINITIALIZED_AUTOS = YES_AGGRESSIVE;
				GCC_WARN_UNUSED_FUNCTION = YES;
				GCC_WARN_UNUSED_VARIABLE = YES;
				IPHONEOS_DEPLOYMENT_TARGET = 16.0;
				MTL_ENABLE_DEBUG_INFO = NO;
				MTL_FAST_MATH = YES;
				SDKROOT = iphoneos;
				SWIFT_COMPILATION_MODE = wholemodule;
				SWIFT_OPTIMIZATION_LEVEL = "-O";
				VALIDATE_PRODUCT = YES;
			};
			name = Release;
		};
		E1415F25299E5E2300EB9683 /* Debug */ = {
			isa = XCBuildConfiguration;
			baseConfigurationReference = 96DB7B1CE122B93AA0C5AE9D /* Pods-foursquare.debug.xcconfig */;
			buildSettings = {
				ASSETCATALOG_COMPILER_APPICON_NAME = AppIcon;
				ASSETCATALOG_COMPILER_GLOBAL_ACCENT_COLOR_NAME = AccentColor;
				CODE_SIGN_STYLE = Automatic;
				CURRENT_PROJECT_VERSION = 1;
				DEVELOPMENT_TEAM = H2XFH58KK6;
				GENERATE_INFOPLIST_FILE = YES;
				INFOPLIST_FILE = foursquare/Info.plist;
				INFOPLIST_KEY_UIApplicationSupportsIndirectInputEvents = YES;
				INFOPLIST_KEY_UILaunchStoryboardName = LaunchScreen;
				INFOPLIST_KEY_UIMainStoryboardFile = Main;
				INFOPLIST_KEY_UISupportedInterfaceOrientations_iPad = "UIInterfaceOrientationPortrait UIInterfaceOrientationPortraitUpsideDown UIInterfaceOrientationLandscapeLeft UIInterfaceOrientationLandscapeRight";
				INFOPLIST_KEY_UISupportedInterfaceOrientations_iPhone = "UIInterfaceOrientationPortrait UIInterfaceOrientationLandscapeLeft UIInterfaceOrientationLandscapeRight";
				LD_RUNPATH_SEARCH_PATHS = (
					"$(inherited)",
					"@executable_path/Frameworks",
				);
				MARKETING_VERSION = 1.0;
				PRODUCT_BUNDLE_IDENTIFIER = com.ekremyalcin.foursquare;
				PRODUCT_NAME = "$(TARGET_NAME)";
				SWIFT_EMIT_LOC_STRINGS = YES;
				SWIFT_VERSION = 5.0;
				TARGETED_DEVICE_FAMILY = "1,2";
			};
			name = Debug;
		};
		E1415F26299E5E2300EB9683 /* Release */ = {
			isa = XCBuildConfiguration;
			baseConfigurationReference = E28EB14D1642728683AE0E09 /* Pods-foursquare.release.xcconfig */;
			buildSettings = {
				ASSETCATALOG_COMPILER_APPICON_NAME = AppIcon;
				ASSETCATALOG_COMPILER_GLOBAL_ACCENT_COLOR_NAME = AccentColor;
				CODE_SIGN_STYLE = Automatic;
				CURRENT_PROJECT_VERSION = 1;
				DEVELOPMENT_TEAM = H2XFH58KK6;
				GENERATE_INFOPLIST_FILE = YES;
				INFOPLIST_FILE = foursquare/Info.plist;
				INFOPLIST_KEY_UIApplicationSupportsIndirectInputEvents = YES;
				INFOPLIST_KEY_UILaunchStoryboardName = LaunchScreen;
				INFOPLIST_KEY_UIMainStoryboardFile = Main;
				INFOPLIST_KEY_UISupportedInterfaceOrientations_iPad = "UIInterfaceOrientationPortrait UIInterfaceOrientationPortraitUpsideDown UIInterfaceOrientationLandscapeLeft UIInterfaceOrientationLandscapeRight";
				INFOPLIST_KEY_UISupportedInterfaceOrientations_iPhone = "UIInterfaceOrientationPortrait UIInterfaceOrientationLandscapeLeft UIInterfaceOrientationLandscapeRight";
				LD_RUNPATH_SEARCH_PATHS = (
					"$(inherited)",
					"@executable_path/Frameworks",
				);
				MARKETING_VERSION = 1.0;
				PRODUCT_BUNDLE_IDENTIFIER = com.ekremyalcin.foursquare;
				PRODUCT_NAME = "$(TARGET_NAME)";
				SWIFT_EMIT_LOC_STRINGS = YES;
				SWIFT_VERSION = 5.0;
				TARGETED_DEVICE_FAMILY = "1,2";
			};
			name = Release;
		};
/* End XCBuildConfiguration section */

/* Begin XCConfigurationList section */
		E1415F0B299E5E2100EB9683 /* Build configuration list for PBXProject "foursquare" */ = {
			isa = XCConfigurationList;
			buildConfigurations = (
				E1415F22299E5E2300EB9683 /* Debug */,
				E1415F23299E5E2300EB9683 /* Release */,
			);
			defaultConfigurationIsVisible = 0;
			defaultConfigurationName = Release;
		};
		E1415F24299E5E2300EB9683 /* Build configuration list for PBXNativeTarget "foursquare" */ = {
			isa = XCConfigurationList;
			buildConfigurations = (
				E1415F25299E5E2300EB9683 /* Debug */,
				E1415F26299E5E2300EB9683 /* Release */,
			);
			defaultConfigurationIsVisible = 0;
			defaultConfigurationName = Release;
		};
/* End XCConfigurationList section */
	};
	rootObject = E1415F08299E5E2100EB9683 /* Project object */;
}
